
Microsoft Visual Studio Solution File, Format Version 12.00
# Visual Studio Version 17
VisualStudioVersion = 17.0.31903.59
MinimumVisualStudioVersion = 10.0.40219.1
Project("{9A19103F-16F7-4668-BE54-9A1E7A4F7556}") = "LogoFX.Client.Testing.Contracts", "LogoFX.Client.Testing.Contracts\LogoFX.Client.Testing.Contracts.csproj", "{254F72A3-FAE5-4EEF-A314-55F9B4B3ED5E}"
EndProject
Project("{9A19103F-16F7-4668-BE54-9A1E7A4F7556}") = "LogoFX.Client.Testing.EndToEnd", "LogoFX.Client.Testing.EndToEnd\LogoFX.Client.Testing.EndToEnd.csproj", "{1A568DD7-4AD7-4138-B0B4-3F643C7729CE}"
EndProject
Project("{9A19103F-16F7-4668-BE54-9A1E7A4F7556}") = "LogoFX.Client.Testing.EndToEnd.FlaUI", "LogoFX.Client.Testing.EndToEnd.FlaUI\LogoFX.Client.Testing.EndToEnd.FlaUI.csproj", "{09C0F0F2-888B-4A9B-97F5-92AAB3E5712A}"
EndProject
Project("{9A19103F-16F7-4668-BE54-9A1E7A4F7556}") = "LogoFX.Client.Testing.EndToEnd.SpecFlow", "LogoFX.Client.Testing.EndToEnd.SpecFlow\LogoFX.Client.Testing.EndToEnd.SpecFlow.csproj", "{3AE7E3FF-9411-4C58-8581-3CC61F165993}"
EndProject
Project("{9A19103F-16F7-4668-BE54-9A1E7A4F7556}") = "LogoFX.Client.Testing.EndToEnd.White.NET", "LogoFX.Client.Testing.EndToEnd.White\net\LogoFX.Client.Testing.EndToEnd.White.NET.csproj", "{0BB65D9F-28FC-4C37-BACD-9840A9CA4EB6}"
EndProject
Project("{FAE04EC0-301F-11D3-BF4B-00C04F79EFBC}") = "LogoFX.Client.Testing.EndToEnd.White.NETFramework", "LogoFX.Client.Testing.EndToEnd.White\netframework\LogoFX.Client.Testing.EndToEnd.White.NETFramework.csproj", "{AA42133C-EDC2-4A33-836E-08E0FC499461}"
EndProject
Project("{9A19103F-16F7-4668-BE54-9A1E7A4F7556}") = "LogoFX.Client.Testing.EndToEnd.White.NETCore", "LogoFX.Client.Testing.EndToEnd.White\netcore\LogoFX.Client.Testing.EndToEnd.White.NETCore.csproj", "{020BA8A1-6D05-4CE2-BEDA-EE37883E3D88}"
EndProject
Project("{9A19103F-16F7-4668-BE54-9A1E7A4F7556}") = "LogoFX.Client.Testing.Infra", "LogoFX.Client.Testing.Infra\LogoFX.Client.Testing.Infra.csproj", "{BE788F1D-39D3-48DA-8D3C-F1C5177C86DC}"
EndProject
Project("{9A19103F-16F7-4668-BE54-9A1E7A4F7556}") = "LogoFX.Client.Testing.Integration", "LogoFX.Client.Testing.Integration\LogoFX.Client.Testing.Integration.csproj", "{01757D3B-143E-403D-BD44-EB19C330F55A}"
EndProject
Project("{9A19103F-16F7-4668-BE54-9A1E7A4F7556}") = "LogoFX.Client.Testing.Integration.NUnit", "LogoFX.Client.Testing.Integration.NUnit\LogoFX.Client.Testing.Integration.NUnit.csproj", "{D93440E1-A727-49B0-BBE5-C7C56641AE02}"
EndProject
Project("{9A19103F-16F7-4668-BE54-9A1E7A4F7556}") = "LogoFX.Client.Testing.Integration.SpecFlow", "LogoFX.Client.Testing.Integration.SpecFlow\LogoFX.Client.Testing.Integration.SpecFlow.csproj", "{D05EFB47-8D52-4F38-A06C-00C2C2FBA21F}"
EndProject
Project("{9A19103F-16F7-4668-BE54-9A1E7A4F7556}") = "LogoFX.Client.Testing.Integration.xUnit", "LogoFX.Client.Testing.Integration.xUnit\LogoFX.Client.Testing.Integration.xUnit.csproj", "{59ACBE5E-85F7-4DB5-8102-79600EA42C93}"
EndProject
Project("{9A19103F-16F7-4668-BE54-9A1E7A4F7556}") = "LogoFX.Client.Testing.Shared", "LogoFX.Client.Testing.Shared\LogoFX.Client.Testing.Shared.csproj", "{7443233A-D21B-41AC-BC88-E9D426C8F409}"
EndProject
Project("{9A19103F-16F7-4668-BE54-9A1E7A4F7556}") = "LogoFX.Client.Testing.Shared.Caliburn.Micro.Platform.NET", "LogoFX.Client.Testing.Shared.Caliburn.Micro.Platform\net\LogoFX.Client.Testing.Shared.Caliburn.Micro.Platform.NET.csproj", "{81F7B80E-1FFF-4AA9-8D43-85A6603F0CA5}"
EndProject
Project("{9A19103F-16F7-4668-BE54-9A1E7A4F7556}") = "LogoFX.Client.Testing.Shared.Caliburn.Micro.Platform.NETCore", "LogoFX.Client.Testing.Shared.Caliburn.Micro.Platform\netcore\LogoFX.Client.Testing.Shared.Caliburn.Micro.Platform.NETCore.csproj", "{DE30B672-9738-424B-808D-357174B2B109}"
EndProject
Project("{FAE04EC0-301F-11D3-BF4B-00C04F79EFBC}") = "LogoFX.Client.Testing.Shared.Caliburn.Micro.Platform.NETFramework", "LogoFX.Client.Testing.Shared.Caliburn.Micro.Platform\netframework\LogoFX.Client.Testing.Shared.Caliburn.Micro.Platform.NETFramework.csproj", "{CAB7ACDF-9BCE-448A-B5D9-BD0B8EDEBDFE}"
EndProject
Global
	GlobalSection(SolutionConfigurationPlatforms) = preSolution
		Debug|Any CPU = Debug|Any CPU
		Debug|ARM = Debug|ARM
		Debug|x64 = Debug|x64
		Debug|x86 = Debug|x86
		Release|Any CPU = Release|Any CPU
		Release|ARM = Release|ARM
		Release|x64 = Release|x64
		Release|x86 = Release|x86
	EndGlobalSection
	GlobalSection(ProjectConfigurationPlatforms) = postSolution
		{254F72A3-FAE5-4EEF-A314-55F9B4B3ED5E}.Debug|Any CPU.ActiveCfg = Debug|Any CPU
		{254F72A3-FAE5-4EEF-A314-55F9B4B3ED5E}.Debug|Any CPU.Build.0 = Debug|Any CPU
		{254F72A3-FAE5-4EEF-A314-55F9B4B3ED5E}.Debug|ARM.ActiveCfg = Debug|Any CPU
		{254F72A3-FAE5-4EEF-A314-55F9B4B3ED5E}.Debug|ARM.Build.0 = Debug|Any CPU
		{254F72A3-FAE5-4EEF-A314-55F9B4B3ED5E}.Debug|x64.ActiveCfg = Debug|Any CPU
		{254F72A3-FAE5-4EEF-A314-55F9B4B3ED5E}.Debug|x64.Build.0 = Debug|Any CPU
		{254F72A3-FAE5-4EEF-A314-55F9B4B3ED5E}.Debug|x86.ActiveCfg = Debug|Any CPU
		{254F72A3-FAE5-4EEF-A314-55F9B4B3ED5E}.Debug|x86.Build.0 = Debug|Any CPU
		{254F72A3-FAE5-4EEF-A314-55F9B4B3ED5E}.Release|Any CPU.ActiveCfg = Release|Any CPU
		{254F72A3-FAE5-4EEF-A314-55F9B4B3ED5E}.Release|Any CPU.Build.0 = Release|Any CPU
		{254F72A3-FAE5-4EEF-A314-55F9B4B3ED5E}.Release|ARM.ActiveCfg = Release|Any CPU
		{254F72A3-FAE5-4EEF-A314-55F9B4B3ED5E}.Release|ARM.Build.0 = Release|Any CPU
		{254F72A3-FAE5-4EEF-A314-55F9B4B3ED5E}.Release|x64.ActiveCfg = Release|Any CPU
		{254F72A3-FAE5-4EEF-A314-55F9B4B3ED5E}.Release|x64.Build.0 = Release|Any CPU
		{254F72A3-FAE5-4EEF-A314-55F9B4B3ED5E}.Release|x86.ActiveCfg = Release|Any CPU
		{254F72A3-FAE5-4EEF-A314-55F9B4B3ED5E}.Release|x86.Build.0 = Release|Any CPU
		{1A568DD7-4AD7-4138-B0B4-3F643C7729CE}.Debug|Any CPU.ActiveCfg = Debug|Any CPU
		{1A568DD7-4AD7-4138-B0B4-3F643C7729CE}.Debug|Any CPU.Build.0 = Debug|Any CPU
		{1A568DD7-4AD7-4138-B0B4-3F643C7729CE}.Debug|ARM.ActiveCfg = Debug|Any CPU
		{1A568DD7-4AD7-4138-B0B4-3F643C7729CE}.Debug|ARM.Build.0 = Debug|Any CPU
		{1A568DD7-4AD7-4138-B0B4-3F643C7729CE}.Debug|x64.ActiveCfg = Debug|Any CPU
		{1A568DD7-4AD7-4138-B0B4-3F643C7729CE}.Debug|x64.Build.0 = Debug|Any CPU
		{1A568DD7-4AD7-4138-B0B4-3F643C7729CE}.Debug|x86.ActiveCfg = Debug|Any CPU
		{1A568DD7-4AD7-4138-B0B4-3F643C7729CE}.Debug|x86.Build.0 = Debug|Any CPU
		{1A568DD7-4AD7-4138-B0B4-3F643C7729CE}.Release|Any CPU.ActiveCfg = Release|Any CPU
		{1A568DD7-4AD7-4138-B0B4-3F643C7729CE}.Release|Any CPU.Build.0 = Release|Any CPU
		{1A568DD7-4AD7-4138-B0B4-3F643C7729CE}.Release|ARM.ActiveCfg = Release|Any CPU
		{1A568DD7-4AD7-4138-B0B4-3F643C7729CE}.Release|ARM.Build.0 = Release|Any CPU
		{1A568DD7-4AD7-4138-B0B4-3F643C7729CE}.Release|x64.ActiveCfg = Release|Any CPU
		{1A568DD7-4AD7-4138-B0B4-3F643C7729CE}.Release|x64.Build.0 = Release|Any CPU
		{1A568DD7-4AD7-4138-B0B4-3F643C7729CE}.Release|x86.ActiveCfg = Release|Any CPU
		{1A568DD7-4AD7-4138-B0B4-3F643C7729CE}.Release|x86.Build.0 = Release|Any CPU
		{09C0F0F2-888B-4A9B-97F5-92AAB3E5712A}.Debug|Any CPU.ActiveCfg = Debug|Any CPU
		{09C0F0F2-888B-4A9B-97F5-92AAB3E5712A}.Debug|Any CPU.Build.0 = Debug|Any CPU
		{09C0F0F2-888B-4A9B-97F5-92AAB3E5712A}.Debug|ARM.ActiveCfg = Debug|Any CPU
		{09C0F0F2-888B-4A9B-97F5-92AAB3E5712A}.Debug|ARM.Build.0 = Debug|Any CPU
		{09C0F0F2-888B-4A9B-97F5-92AAB3E5712A}.Debug|x64.ActiveCfg = Debug|Any CPU
		{09C0F0F2-888B-4A9B-97F5-92AAB3E5712A}.Debug|x64.Build.0 = Debug|Any CPU
		{09C0F0F2-888B-4A9B-97F5-92AAB3E5712A}.Debug|x86.ActiveCfg = Debug|Any CPU
		{09C0F0F2-888B-4A9B-97F5-92AAB3E5712A}.Debug|x86.Build.0 = Debug|Any CPU
		{09C0F0F2-888B-4A9B-97F5-92AAB3E5712A}.Release|Any CPU.ActiveCfg = Release|Any CPU
		{09C0F0F2-888B-4A9B-97F5-92AAB3E5712A}.Release|Any CPU.Build.0 = Release|Any CPU
		{09C0F0F2-888B-4A9B-97F5-92AAB3E5712A}.Release|ARM.ActiveCfg = Release|Any CPU
		{09C0F0F2-888B-4A9B-97F5-92AAB3E5712A}.Release|ARM.Build.0 = Release|Any CPU
		{09C0F0F2-888B-4A9B-97F5-92AAB3E5712A}.Release|x64.ActiveCfg = Release|Any CPU
		{09C0F0F2-888B-4A9B-97F5-92AAB3E5712A}.Release|x64.Build.0 = Release|Any CPU
		{09C0F0F2-888B-4A9B-97F5-92AAB3E5712A}.Release|x86.ActiveCfg = Release|Any CPU
		{09C0F0F2-888B-4A9B-97F5-92AAB3E5712A}.Release|x86.Build.0 = Release|Any CPU
		{3AE7E3FF-9411-4C58-8581-3CC61F165993}.Debug|Any CPU.ActiveCfg = Debug|Any CPU
		{3AE7E3FF-9411-4C58-8581-3CC61F165993}.Debug|Any CPU.Build.0 = Debug|Any CPU
		{3AE7E3FF-9411-4C58-8581-3CC61F165993}.Debug|ARM.ActiveCfg = Debug|Any CPU
		{3AE7E3FF-9411-4C58-8581-3CC61F165993}.Debug|ARM.Build.0 = Debug|Any CPU
		{3AE7E3FF-9411-4C58-8581-3CC61F165993}.Debug|x64.ActiveCfg = Debug|Any CPU
		{3AE7E3FF-9411-4C58-8581-3CC61F165993}.Debug|x64.Build.0 = Debug|Any CPU
		{3AE7E3FF-9411-4C58-8581-3CC61F165993}.Debug|x86.ActiveCfg = Debug|Any CPU
		{3AE7E3FF-9411-4C58-8581-3CC61F165993}.Debug|x86.Build.0 = Debug|Any CPU
		{3AE7E3FF-9411-4C58-8581-3CC61F165993}.Release|Any CPU.ActiveCfg = Release|Any CPU
		{3AE7E3FF-9411-4C58-8581-3CC61F165993}.Release|Any CPU.Build.0 = Release|Any CPU
		{3AE7E3FF-9411-4C58-8581-3CC61F165993}.Release|ARM.ActiveCfg = Release|Any CPU
		{3AE7E3FF-9411-4C58-8581-3CC61F165993}.Release|ARM.Build.0 = Release|Any CPU
		{3AE7E3FF-9411-4C58-8581-3CC61F165993}.Release|x64.ActiveCfg = Release|Any CPU
		{3AE7E3FF-9411-4C58-8581-3CC61F165993}.Release|x64.Build.0 = Release|Any CPU
		{3AE7E3FF-9411-4C58-8581-3CC61F165993}.Release|x86.ActiveCfg = Release|Any CPU
		{3AE7E3FF-9411-4C58-8581-3CC61F165993}.Release|x86.Build.0 = Release|Any CPU
		{0BB65D9F-28FC-4C37-BACD-9840A9CA4EB6}.Debug|Any CPU.ActiveCfg = Debug|Any CPU
		{0BB65D9F-28FC-4C37-BACD-9840A9CA4EB6}.Debug|Any CPU.Build.0 = Debug|Any CPU
		{0BB65D9F-28FC-4C37-BACD-9840A9CA4EB6}.Debug|ARM.ActiveCfg = Debug|Any CPU
		{0BB65D9F-28FC-4C37-BACD-9840A9CA4EB6}.Debug|ARM.Build.0 = Debug|Any CPU
		{0BB65D9F-28FC-4C37-BACD-9840A9CA4EB6}.Debug|x64.ActiveCfg = Debug|Any CPU
		{0BB65D9F-28FC-4C37-BACD-9840A9CA4EB6}.Debug|x64.Build.0 = Debug|Any CPU
		{0BB65D9F-28FC-4C37-BACD-9840A9CA4EB6}.Debug|x86.ActiveCfg = Debug|Any CPU
		{0BB65D9F-28FC-4C37-BACD-9840A9CA4EB6}.Debug|x86.Build.0 = Debug|Any CPU
		{0BB65D9F-28FC-4C37-BACD-9840A9CA4EB6}.Release|Any CPU.ActiveCfg = Release|Any CPU
		{0BB65D9F-28FC-4C37-BACD-9840A9CA4EB6}.Release|Any CPU.Build.0 = Release|Any CPU
		{0BB65D9F-28FC-4C37-BACD-9840A9CA4EB6}.Release|ARM.ActiveCfg = Release|Any CPU
		{0BB65D9F-28FC-4C37-BACD-9840A9CA4EB6}.Release|ARM.Build.0 = Release|Any CPU
		{0BB65D9F-28FC-4C37-BACD-9840A9CA4EB6}.Release|x64.ActiveCfg = Release|Any CPU
		{0BB65D9F-28FC-4C37-BACD-9840A9CA4EB6}.Release|x64.Build.0 = Release|Any CPU
		{0BB65D9F-28FC-4C37-BACD-9840A9CA4EB6}.Release|x86.ActiveCfg = Release|Any CPU
		{0BB65D9F-28FC-4C37-BACD-9840A9CA4EB6}.Release|x86.Build.0 = Release|Any CPU
		{AA42133C-EDC2-4A33-836E-08E0FC499461}.Debug|Any CPU.ActiveCfg = Debug|Any CPU
		{AA42133C-EDC2-4A33-836E-08E0FC499461}.Debug|Any CPU.Build.0 = Debug|Any CPU
		{AA42133C-EDC2-4A33-836E-08E0FC499461}.Debug|ARM.ActiveCfg = Debug|Any CPU
		{AA42133C-EDC2-4A33-836E-08E0FC499461}.Debug|ARM.Build.0 = Debug|Any CPU
		{AA42133C-EDC2-4A33-836E-08E0FC499461}.Debug|x64.ActiveCfg = Debug|Any CPU
		{AA42133C-EDC2-4A33-836E-08E0FC499461}.Debug|x64.Build.0 = Debug|Any CPU
		{AA42133C-EDC2-4A33-836E-08E0FC499461}.Debug|x86.ActiveCfg = Debug|Any CPU
		{AA42133C-EDC2-4A33-836E-08E0FC499461}.Debug|x86.Build.0 = Debug|Any CPU
		{AA42133C-EDC2-4A33-836E-08E0FC499461}.Release|Any CPU.ActiveCfg = Release|Any CPU
		{AA42133C-EDC2-4A33-836E-08E0FC499461}.Release|Any CPU.Build.0 = Release|Any CPU
		{AA42133C-EDC2-4A33-836E-08E0FC499461}.Release|ARM.ActiveCfg = Release|Any CPU
		{AA42133C-EDC2-4A33-836E-08E0FC499461}.Release|ARM.Build.0 = Release|Any CPU
		{AA42133C-EDC2-4A33-836E-08E0FC499461}.Release|x64.ActiveCfg = Release|Any CPU
		{AA42133C-EDC2-4A33-836E-08E0FC499461}.Release|x64.Build.0 = Release|Any CPU
		{AA42133C-EDC2-4A33-836E-08E0FC499461}.Release|x86.ActiveCfg = Release|Any CPU
		{AA42133C-EDC2-4A33-836E-08E0FC499461}.Release|x86.Build.0 = Release|Any CPU
		{020BA8A1-6D05-4CE2-BEDA-EE37883E3D88}.Debug|Any CPU.ActiveCfg = Debug|Any CPU
		{020BA8A1-6D05-4CE2-BEDA-EE37883E3D88}.Debug|Any CPU.Build.0 = Debug|Any CPU
		{020BA8A1-6D05-4CE2-BEDA-EE37883E3D88}.Debug|ARM.ActiveCfg = Debug|Any CPU
		{020BA8A1-6D05-4CE2-BEDA-EE37883E3D88}.Debug|ARM.Build.0 = Debug|Any CPU
		{020BA8A1-6D05-4CE2-BEDA-EE37883E3D88}.Debug|x64.ActiveCfg = Debug|Any CPU
		{020BA8A1-6D05-4CE2-BEDA-EE37883E3D88}.Debug|x64.Build.0 = Debug|Any CPU
		{020BA8A1-6D05-4CE2-BEDA-EE37883E3D88}.Debug|x86.ActiveCfg = Debug|Any CPU
		{020BA8A1-6D05-4CE2-BEDA-EE37883E3D88}.Debug|x86.Build.0 = Debug|Any CPU
		{020BA8A1-6D05-4CE2-BEDA-EE37883E3D88}.Release|Any CPU.ActiveCfg = Release|Any CPU
		{020BA8A1-6D05-4CE2-BEDA-EE37883E3D88}.Release|Any CPU.Build.0 = Release|Any CPU
		{020BA8A1-6D05-4CE2-BEDA-EE37883E3D88}.Release|ARM.ActiveCfg = Release|Any CPU
		{020BA8A1-6D05-4CE2-BEDA-EE37883E3D88}.Release|ARM.Build.0 = Release|Any CPU
		{020BA8A1-6D05-4CE2-BEDA-EE37883E3D88}.Release|x64.ActiveCfg = Release|Any CPU
		{020BA8A1-6D05-4CE2-BEDA-EE37883E3D88}.Release|x64.Build.0 = Release|Any CPU
		{020BA8A1-6D05-4CE2-BEDA-EE37883E3D88}.Release|x86.ActiveCfg = Release|Any CPU
		{020BA8A1-6D05-4CE2-BEDA-EE37883E3D88}.Release|x86.Build.0 = Release|Any CPU
		{BE788F1D-39D3-48DA-8D3C-F1C5177C86DC}.Debug|Any CPU.ActiveCfg = Debug|Any CPU
		{BE788F1D-39D3-48DA-8D3C-F1C5177C86DC}.Debug|Any CPU.Build.0 = Debug|Any CPU
		{BE788F1D-39D3-48DA-8D3C-F1C5177C86DC}.Debug|ARM.ActiveCfg = Debug|Any CPU
		{BE788F1D-39D3-48DA-8D3C-F1C5177C86DC}.Debug|ARM.Build.0 = Debug|Any CPU
		{BE788F1D-39D3-48DA-8D3C-F1C5177C86DC}.Debug|x64.ActiveCfg = Debug|Any CPU
		{BE788F1D-39D3-48DA-8D3C-F1C5177C86DC}.Debug|x64.Build.0 = Debug|Any CPU
		{BE788F1D-39D3-48DA-8D3C-F1C5177C86DC}.Debug|x86.ActiveCfg = Debug|Any CPU
		{BE788F1D-39D3-48DA-8D3C-F1C5177C86DC}.Debug|x86.Build.0 = Debug|Any CPU
		{BE788F1D-39D3-48DA-8D3C-F1C5177C86DC}.Release|Any CPU.ActiveCfg = Release|Any CPU
		{BE788F1D-39D3-48DA-8D3C-F1C5177C86DC}.Release|Any CPU.Build.0 = Release|Any CPU
		{BE788F1D-39D3-48DA-8D3C-F1C5177C86DC}.Release|ARM.ActiveCfg = Release|Any CPU
		{BE788F1D-39D3-48DA-8D3C-F1C5177C86DC}.Release|ARM.Build.0 = Release|Any CPU
		{BE788F1D-39D3-48DA-8D3C-F1C5177C86DC}.Release|x64.ActiveCfg = Release|Any CPU
		{BE788F1D-39D3-48DA-8D3C-F1C5177C86DC}.Release|x64.Build.0 = Release|Any CPU
		{BE788F1D-39D3-48DA-8D3C-F1C5177C86DC}.Release|x86.ActiveCfg = Release|Any CPU
		{BE788F1D-39D3-48DA-8D3C-F1C5177C86DC}.Release|x86.Build.0 = Release|Any CPU
		{01757D3B-143E-403D-BD44-EB19C330F55A}.Debug|Any CPU.ActiveCfg = Debug|Any CPU
		{01757D3B-143E-403D-BD44-EB19C330F55A}.Debug|Any CPU.Build.0 = Debug|Any CPU
		{01757D3B-143E-403D-BD44-EB19C330F55A}.Debug|ARM.ActiveCfg = Debug|Any CPU
		{01757D3B-143E-403D-BD44-EB19C330F55A}.Debug|ARM.Build.0 = Debug|Any CPU
		{01757D3B-143E-403D-BD44-EB19C330F55A}.Debug|x64.ActiveCfg = Debug|Any CPU
		{01757D3B-143E-403D-BD44-EB19C330F55A}.Debug|x64.Build.0 = Debug|Any CPU
		{01757D3B-143E-403D-BD44-EB19C330F55A}.Debug|x86.ActiveCfg = Debug|Any CPU
		{01757D3B-143E-403D-BD44-EB19C330F55A}.Debug|x86.Build.0 = Debug|Any CPU
		{01757D3B-143E-403D-BD44-EB19C330F55A}.Release|Any CPU.ActiveCfg = Release|Any CPU
		{01757D3B-143E-403D-BD44-EB19C330F55A}.Release|Any CPU.Build.0 = Release|Any CPU
		{01757D3B-143E-403D-BD44-EB19C330F55A}.Release|ARM.ActiveCfg = Release|Any CPU
		{01757D3B-143E-403D-BD44-EB19C330F55A}.Release|ARM.Build.0 = Release|Any CPU
		{01757D3B-143E-403D-BD44-EB19C330F55A}.Release|x64.ActiveCfg = Release|Any CPU
		{01757D3B-143E-403D-BD44-EB19C330F55A}.Release|x64.Build.0 = Release|Any CPU
		{01757D3B-143E-403D-BD44-EB19C330F55A}.Release|x86.ActiveCfg = Release|Any CPU
		{01757D3B-143E-403D-BD44-EB19C330F55A}.Release|x86.Build.0 = Release|Any CPU
		{D93440E1-A727-49B0-BBE5-C7C56641AE02}.Debug|Any CPU.ActiveCfg = Debug|Any CPU
		{D93440E1-A727-49B0-BBE5-C7C56641AE02}.Debug|Any CPU.Build.0 = Debug|Any CPU
		{D93440E1-A727-49B0-BBE5-C7C56641AE02}.Debug|ARM.ActiveCfg = Debug|Any CPU
		{D93440E1-A727-49B0-BBE5-C7C56641AE02}.Debug|ARM.Build.0 = Debug|Any CPU
		{D93440E1-A727-49B0-BBE5-C7C56641AE02}.Debug|x64.ActiveCfg = Debug|Any CPU
		{D93440E1-A727-49B0-BBE5-C7C56641AE02}.Debug|x64.Build.0 = Debug|Any CPU
		{D93440E1-A727-49B0-BBE5-C7C56641AE02}.Debug|x86.ActiveCfg = Debug|Any CPU
		{D93440E1-A727-49B0-BBE5-C7C56641AE02}.Debug|x86.Build.0 = Debug|Any CPU
		{D93440E1-A727-49B0-BBE5-C7C56641AE02}.Release|Any CPU.ActiveCfg = Release|Any CPU
		{D93440E1-A727-49B0-BBE5-C7C56641AE02}.Release|Any CPU.Build.0 = Release|Any CPU
		{D93440E1-A727-49B0-BBE5-C7C56641AE02}.Release|ARM.ActiveCfg = Release|Any CPU
		{D93440E1-A727-49B0-BBE5-C7C56641AE02}.Release|ARM.Build.0 = Release|Any CPU
		{D93440E1-A727-49B0-BBE5-C7C56641AE02}.Release|x64.ActiveCfg = Release|Any CPU
		{D93440E1-A727-49B0-BBE5-C7C56641AE02}.Release|x64.Build.0 = Release|Any CPU
		{D93440E1-A727-49B0-BBE5-C7C56641AE02}.Release|x86.ActiveCfg = Release|Any CPU
		{D93440E1-A727-49B0-BBE5-C7C56641AE02}.Release|x86.Build.0 = Release|Any CPU
		{D05EFB47-8D52-4F38-A06C-00C2C2FBA21F}.Debug|Any CPU.ActiveCfg = Debug|Any CPU
		{D05EFB47-8D52-4F38-A06C-00C2C2FBA21F}.Debug|Any CPU.Build.0 = Debug|Any CPU
		{D05EFB47-8D52-4F38-A06C-00C2C2FBA21F}.Debug|ARM.ActiveCfg = Debug|Any CPU
		{D05EFB47-8D52-4F38-A06C-00C2C2FBA21F}.Debug|ARM.Build.0 = Debug|Any CPU
		{D05EFB47-8D52-4F38-A06C-00C2C2FBA21F}.Debug|x64.ActiveCfg = Debug|Any CPU
		{D05EFB47-8D52-4F38-A06C-00C2C2FBA21F}.Debug|x64.Build.0 = Debug|Any CPU
		{D05EFB47-8D52-4F38-A06C-00C2C2FBA21F}.Debug|x86.ActiveCfg = Debug|Any CPU
		{D05EFB47-8D52-4F38-A06C-00C2C2FBA21F}.Debug|x86.Build.0 = Debug|Any CPU
		{D05EFB47-8D52-4F38-A06C-00C2C2FBA21F}.Release|Any CPU.ActiveCfg = Release|Any CPU
		{D05EFB47-8D52-4F38-A06C-00C2C2FBA21F}.Release|Any CPU.Build.0 = Release|Any CPU
		{D05EFB47-8D52-4F38-A06C-00C2C2FBA21F}.Release|ARM.ActiveCfg = Release|Any CPU
		{D05EFB47-8D52-4F38-A06C-00C2C2FBA21F}.Release|ARM.Build.0 = Release|Any CPU
		{D05EFB47-8D52-4F38-A06C-00C2C2FBA21F}.Release|x64.ActiveCfg = Release|Any CPU
		{D05EFB47-8D52-4F38-A06C-00C2C2FBA21F}.Release|x64.Build.0 = Release|Any CPU
		{D05EFB47-8D52-4F38-A06C-00C2C2FBA21F}.Release|x86.ActiveCfg = Release|Any CPU
		{D05EFB47-8D52-4F38-A06C-00C2C2FBA21F}.Release|x86.Build.0 = Release|Any CPU
		{59ACBE5E-85F7-4DB5-8102-79600EA42C93}.Debug|Any CPU.ActiveCfg = Debug|Any CPU
		{59ACBE5E-85F7-4DB5-8102-79600EA42C93}.Debug|Any CPU.Build.0 = Debug|Any CPU
		{59ACBE5E-85F7-4DB5-8102-79600EA42C93}.Debug|ARM.ActiveCfg = Debug|Any CPU
		{59ACBE5E-85F7-4DB5-8102-79600EA42C93}.Debug|ARM.Build.0 = Debug|Any CPU
		{59ACBE5E-85F7-4DB5-8102-79600EA42C93}.Debug|x64.ActiveCfg = Debug|Any CPU
		{59ACBE5E-85F7-4DB5-8102-79600EA42C93}.Debug|x64.Build.0 = Debug|Any CPU
		{59ACBE5E-85F7-4DB5-8102-79600EA42C93}.Debug|x86.ActiveCfg = Debug|Any CPU
		{59ACBE5E-85F7-4DB5-8102-79600EA42C93}.Debug|x86.Build.0 = Debug|Any CPU
		{59ACBE5E-85F7-4DB5-8102-79600EA42C93}.Release|Any CPU.ActiveCfg = Release|Any CPU
		{59ACBE5E-85F7-4DB5-8102-79600EA42C93}.Release|Any CPU.Build.0 = Release|Any CPU
		{59ACBE5E-85F7-4DB5-8102-79600EA42C93}.Release|ARM.ActiveCfg = Release|Any CPU
		{59ACBE5E-85F7-4DB5-8102-79600EA42C93}.Release|ARM.Build.0 = Release|Any CPU
		{59ACBE5E-85F7-4DB5-8102-79600EA42C93}.Release|x64.ActiveCfg = Release|Any CPU
		{59ACBE5E-85F7-4DB5-8102-79600EA42C93}.Release|x64.Build.0 = Release|Any CPU
		{59ACBE5E-85F7-4DB5-8102-79600EA42C93}.Release|x86.ActiveCfg = Release|Any CPU
		{59ACBE5E-85F7-4DB5-8102-79600EA42C93}.Release|x86.Build.0 = Release|Any CPU
		{7443233A-D21B-41AC-BC88-E9D426C8F409}.Debug|Any CPU.ActiveCfg = Debug|Any CPU
		{7443233A-D21B-41AC-BC88-E9D426C8F409}.Debug|Any CPU.Build.0 = Debug|Any CPU
		{7443233A-D21B-41AC-BC88-E9D426C8F409}.Debug|ARM.ActiveCfg = Debug|Any CPU
		{7443233A-D21B-41AC-BC88-E9D426C8F409}.Debug|ARM.Build.0 = Debug|Any CPU
		{7443233A-D21B-41AC-BC88-E9D426C8F409}.Debug|x64.ActiveCfg = Debug|Any CPU
		{7443233A-D21B-41AC-BC88-E9D426C8F409}.Debug|x64.Build.0 = Debug|Any CPU
		{7443233A-D21B-41AC-BC88-E9D426C8F409}.Debug|x86.ActiveCfg = Debug|Any CPU
		{7443233A-D21B-41AC-BC88-E9D426C8F409}.Debug|x86.Build.0 = Debug|Any CPU
		{7443233A-D21B-41AC-BC88-E9D426C8F409}.Release|Any CPU.ActiveCfg = Release|Any CPU
		{7443233A-D21B-41AC-BC88-E9D426C8F409}.Release|Any CPU.Build.0 = Release|Any CPU
		{7443233A-D21B-41AC-BC88-E9D426C8F409}.Release|ARM.ActiveCfg = Release|Any CPU
		{7443233A-D21B-41AC-BC88-E9D426C8F409}.Release|ARM.Build.0 = Release|Any CPU
		{7443233A-D21B-41AC-BC88-E9D426C8F409}.Release|x64.ActiveCfg = Release|Any CPU
		{7443233A-D21B-41AC-BC88-E9D426C8F409}.Release|x64.Build.0 = Release|Any CPU
		{7443233A-D21B-41AC-BC88-E9D426C8F409}.Release|x86.ActiveCfg = Release|Any CPU
		{7443233A-D21B-41AC-BC88-E9D426C8F409}.Release|x86.Build.0 = Release|Any CPU
		{81F7B80E-1FFF-4AA9-8D43-85A6603F0CA5}.Debug|Any CPU.ActiveCfg = Debug|Any CPU
		{81F7B80E-1FFF-4AA9-8D43-85A6603F0CA5}.Debug|Any CPU.Build.0 = Debug|Any CPU
		{81F7B80E-1FFF-4AA9-8D43-85A6603F0CA5}.Debug|ARM.ActiveCfg = Debug|Any CPU
		{81F7B80E-1FFF-4AA9-8D43-85A6603F0CA5}.Debug|ARM.Build.0 = Debug|Any CPU
		{81F7B80E-1FFF-4AA9-8D43-85A6603F0CA5}.Debug|x64.ActiveCfg = Debug|Any CPU
		{81F7B80E-1FFF-4AA9-8D43-85A6603F0CA5}.Debug|x64.Build.0 = Debug|Any CPU
		{81F7B80E-1FFF-4AA9-8D43-85A6603F0CA5}.Debug|x86.ActiveCfg = Debug|Any CPU
		{81F7B80E-1FFF-4AA9-8D43-85A6603F0CA5}.Debug|x86.Build.0 = Debug|Any CPU
		{81F7B80E-1FFF-4AA9-8D43-85A6603F0CA5}.Release|Any CPU.ActiveCfg = Release|Any CPU
		{81F7B80E-1FFF-4AA9-8D43-85A6603F0CA5}.Release|Any CPU.Build.0 = Release|Any CPU
		{81F7B80E-1FFF-4AA9-8D43-85A6603F0CA5}.Release|ARM.ActiveCfg = Release|Any CPU
		{81F7B80E-1FFF-4AA9-8D43-85A6603F0CA5}.Release|ARM.Build.0 = Release|Any CPU
		{81F7B80E-1FFF-4AA9-8D43-85A6603F0CA5}.Release|x64.ActiveCfg = Release|Any CPU
		{81F7B80E-1FFF-4AA9-8D43-85A6603F0CA5}.Release|x64.Build.0 = Release|Any CPU
		{81F7B80E-1FFF-4AA9-8D43-85A6603F0CA5}.Release|x86.ActiveCfg = Release|Any CPU
		{81F7B80E-1FFF-4AA9-8D43-85A6603F0CA5}.Release|x86.Build.0 = Release|Any CPU
		{DE30B672-9738-424B-808D-357174B2B109}.Debug|Any CPU.ActiveCfg = Debug|Any CPU
		{DE30B672-9738-424B-808D-357174B2B109}.Debug|Any CPU.Build.0 = Debug|Any CPU
		{DE30B672-9738-424B-808D-357174B2B109}.Debug|ARM.ActiveCfg = Debug|Any CPU
		{DE30B672-9738-424B-808D-357174B2B109}.Debug|ARM.Build.0 = Debug|Any CPU
		{DE30B672-9738-424B-808D-357174B2B109}.Debug|x64.ActiveCfg = Debug|Any CPU
		{DE30B672-9738-424B-808D-357174B2B109}.Debug|x64.Build.0 = Debug|Any CPU
		{DE30B672-9738-424B-808D-357174B2B109}.Debug|x86.ActiveCfg = Debug|Any CPU
		{DE30B672-9738-424B-808D-357174B2B109}.Debug|x86.Build.0 = Debug|Any CPU
		{DE30B672-9738-424B-808D-357174B2B109}.Release|Any CPU.ActiveCfg = Release|Any CPU
		{DE30B672-9738-424B-808D-357174B2B109}.Release|Any CPU.Build.0 = Release|Any CPU
		{DE30B672-9738-424B-808D-357174B2B109}.Release|ARM.ActiveCfg = Release|Any CPU
		{DE30B672-9738-424B-808D-357174B2B109}.Release|ARM.Build.0 = Release|Any CPU
		{DE30B672-9738-424B-808D-357174B2B109}.Release|x64.ActiveCfg = Release|Any CPU
		{DE30B672-9738-424B-808D-357174B2B109}.Release|x64.Build.0 = Release|Any CPU
		{DE30B672-9738-424B-808D-357174B2B109}.Release|x86.ActiveCfg = Release|Any CPU
		{DE30B672-9738-424B-808D-357174B2B109}.Release|x86.Build.0 = Release|Any CPU
		{CAB7ACDF-9BCE-448A-B5D9-BD0B8EDEBDFE}.Debug|Any CPU.ActiveCfg = Debug|Any CPU
		{CAB7ACDF-9BCE-448A-B5D9-BD0B8EDEBDFE}.Debug|Any CPU.Build.0 = Debug|Any CPU
		{CAB7ACDF-9BCE-448A-B5D9-BD0B8EDEBDFE}.Debug|ARM.ActiveCfg = Debug|Any CPU
		{CAB7ACDF-9BCE-448A-B5D9-BD0B8EDEBDFE}.Debug|ARM.Build.0 = Debug|Any CPU
		{CAB7ACDF-9BCE-448A-B5D9-BD0B8EDEBDFE}.Debug|x64.ActiveCfg = Debug|Any CPU
		{CAB7ACDF-9BCE-448A-B5D9-BD0B8EDEBDFE}.Debug|x64.Build.0 = Debug|Any CPU
		{CAB7ACDF-9BCE-448A-B5D9-BD0B8EDEBDFE}.Debug|x86.ActiveCfg = Debug|Any CPU
		{CAB7ACDF-9BCE-448A-B5D9-BD0B8EDEBDFE}.Debug|x86.Build.0 = Debug|Any CPU
		{CAB7ACDF-9BCE-448A-B5D9-BD0B8EDEBDFE}.Release|Any CPU.ActiveCfg = Release|Any CPU
		{CAB7ACDF-9BCE-448A-B5D9-BD0B8EDEBDFE}.Release|Any CPU.Build.0 = Release|Any CPU
		{CAB7ACDF-9BCE-448A-B5D9-BD0B8EDEBDFE}.Release|ARM.ActiveCfg = Release|Any CPU
		{CAB7ACDF-9BCE-448A-B5D9-BD0B8EDEBDFE}.Release|ARM.Build.0 = Release|Any CPU
		{CAB7ACDF-9BCE-448A-B5D9-BD0B8EDEBDFE}.Release|x64.ActiveCfg = Release|Any CPU
		{CAB7ACDF-9BCE-448A-B5D9-BD0B8EDEBDFE}.Release|x64.Build.0 = Release|Any CPU
		{CAB7ACDF-9BCE-448A-B5D9-BD0B8EDEBDFE}.Release|x86.ActiveCfg = Release|Any CPU
		{CAB7ACDF-9BCE-448A-B5D9-BD0B8EDEBDFE}.Release|x86.Build.0 = Release|Any CPU
	EndGlobalSection
	GlobalSection(SolutionProperties) = preSolution
		HideSolutionNode = FALSE
	EndGlobalSection
	GlobalSection(ExtensibilityGlobals) = postSolution
		SolutionGuid = {E0EB5BA5-2F46-4F38-A3C3-24B0F0497DD7}
	EndGlobalSection
EndGlobal
